
Microsoft Visual Studio Solution File, Format Version 12.00
# Visual Studio Version 17
VisualStudioVersion = 17.5.33424.131
MinimumVisualStudioVersion = 10.0.40219.1
Project("{FAE04EC0-301F-11D3-BF4B-00C04F79EFBC}") = "Paradigma", "Paradigma\Paradigma.csproj", "{66944E43-5E4E-4DCF-9491-7D23EA1D793F}"
EndProject
Global
	GlobalSection(SolutionConfigurationPlatforms) = preSolution
		Debug|Any CPU = Debug|Any CPU
		Release|Any CPU = Release|Any CPU
	EndGlobalSection
	GlobalSection(ProjectConfigurationPlatforms) = postSolution
		{66944E43-5E4E-4DCF-9491-7D23EA1D793F}.Debug|Any CPU.ActiveCfg = Debug|Any CPU
		{66944E43-5E4E-4DCF-9491-7D23EA1D793F}.Debug|Any CPU.Build.0 = Debug|Any CPU
		{66944E43-5E4E-4DCF-9491-7D23EA1D793F}.Release|Any CPU.ActiveCfg = Release|Any CPU
		{66944E43-5E4E-4DCF-9491-7D23EA1D793F}.Release|Any CPU.Build.0 = Release|Any CPU
	EndGlobalSection
	GlobalSection(SolutionProperties) = preSolution
		HideSolutionNode = FALSE
	EndGlobalSection
	GlobalSection(ExtensibilityGlobals) = postSolution
		SolutionGuid = {98FCF0C1-9411-40C6-A71D-4D4F7F3635FF}
	EndGlobalSection
EndGlobal
